
Microsoft Visual Studio Solution File, Format Version 12.00
# Visual Studio Version 17
VisualStudioVersion = 17.7.34202.233
MinimumVisualStudioVersion = 10.0.40219.1
Project("{9A19103F-16F7-4668-BE54-9A1E7A4F7556}") = "SA3D.Texturing", "SA3D.Texturing\SA3D.Texturing.csproj", "{AD6AC80F-C38F-47D7-9771-A12E6D97E1DA}"
EndProject
Project("{2150E333-8FDC-42A3-9474-1A3956D46DE8}") = ".solutionitems", ".solutionitems", "{C6E7D1CD-06EA-42EE-9E26-682DC1A4057C}"
	ProjectSection(SolutionItems) = preProject
		..\LICENSE = ..\LICENSE
		..\README.md = ..\README.md
	EndProjectSection
EndProject
Global
	GlobalSection(SolutionConfigurationPlatforms) = preSolution
		Debug|Any CPU = Debug|Any CPU
		Release|Any CPU = Release|Any CPU
	EndGlobalSection
	GlobalSection(ProjectConfigurationPlatforms) = postSolution
		{AD6AC80F-C38F-47D7-9771-A12E6D97E1DA}.Debug|Any CPU.ActiveCfg = Debug|Any CPU
		{AD6AC80F-C38F-47D7-9771-A12E6D97E1DA}.Debug|Any CPU.Build.0 = Debug|Any CPU
		{AD6AC80F-C38F-47D7-9771-A12E6D97E1DA}.Release|Any CPU.ActiveCfg = Release|Any CPU
		{AD6AC80F-C38F-47D7-9771-A12E6D97E1DA}.Release|Any CPU.Build.0 = Release|Any CPU
	EndGlobalSection
	GlobalSection(SolutionProperties) = preSolution
		HideSolutionNode = FALSE
	EndGlobalSection
	GlobalSection(ExtensibilityGlobals) = postSolution
		SolutionGuid = {FF53EA28-6C0B-49EA-B386-2CCF8F8E7BAF}
	EndGlobalSection
EndGlobal
